PODS:
  - EmarsysInbox (1.0.0):
    - EmarsysSDK
  - EmarsysSDK (2.8.0)

DEPENDENCIES:
  - EmarsysInbox (from `..`)

SPEC REPOS:
  trunk:
    - EmarsysSDK

EXTERNAL SOURCES:
  EmarsysInbox:
    :path: ".."

SPEC CHECKSUMS:
  EmarsysInbox: 5e0ff0a281d39347618318f79ef5bbf7e4074ed2
  EmarsysSDK: 30b09a7758cbf5f4882a99d2f75542cf14e52e6c

PODFILE CHECKSUM: 7abb0560843dceb445803f57f1a171654c704a0e

COCOAPODS: 1.9.3
