PODS:
  - EmarsysInbox (1.0.0):
    - EmarsysSDK
  - EmarsysSDK (3.0.1)

DEPENDENCIES:
  - EmarsysInbox (from `..`)

SPEC REPOS:
  trunk:
    - EmarsysSDK

EXTERNAL SOURCES:
  EmarsysInbox:
    :path: ".."

SPEC CHECKSUMS:
  EmarsysInbox: 5e0ff0a281d39347618318f79ef5bbf7e4074ed2
  EmarsysSDK: f145ee6cdf51adef9d8c2bde88856c449fb3ca86

PODFILE CHECKSUM: 7abb0560843dceb445803f57f1a171654c704a0e

COCOAPODS: 1.10.1
