PODS:
  - EmarsysInbox (0.0.1):
    - EmarsysSDK
  - EmarsysSDK (2.5.1)

DEPENDENCIES:
  - EmarsysInbox (from `..`)

SPEC REPOS:
  https://github.com/CocoaPods/Specs.git:
    - EmarsysSDK

EXTERNAL SOURCES:
  EmarsysInbox:
    :path: ".."

SPEC CHECKSUMS:
  EmarsysInbox: 0c0658ee57fa243057f577bc6932d25c8a352a39
  EmarsysSDK: b51fbaca87129c1f84d814e3d6e89068e84216ff

PODFILE CHECKSUM: 771dfb20c22f078192eb35337824f595c0313776

COCOAPODS: 1.9.0
