// !$*UTF8*$!
{
	archiveVersion = 1;
	classes = {
	};
	objectVersion = 51;
	objects = {

/* Begin PBXBuildFile section */
		561E329B2497D42C00FFBEAC /* AppDelegate.swift in Sources */ = {isa = PBXBuildFile; fileRef = 561E329A2497D42C00FFBEAC /* AppDelegate.swift */; };
		561E329F2497D42C00FFBEAC /* ViewController.swift in Sources */ = {isa = PBXBuildFile; fileRef = 561E329E2497D42C00FFBEAC /* ViewController.swift */; };
		561E32A22497D42C00FFBEAC /* Main.storyboard in Resources */ = {isa = PBXBuildFile; fileRef = 561E32A02497D42C00FFBEAC /* Main.storyboard */; };
		561E32A42497D42E00FFBEAC /* Assets.xcassets in Resources */ = {isa = PBXBuildFile; fileRef = 561E32A32497D42E00FFBEAC /* Assets.xcassets */; };
		561E32A72497D42E00FFBEAC /* LaunchScreen.storyboard in Resources */ = {isa = PBXBuildFile; fileRef = 561E32A52497D42E00FFBEAC /* LaunchScreen.storyboard */; };
		5A23426AAA267BA0A5A0009A /* Pods_InboxSample.framework in Frameworks */ = {isa = PBXBuildFile; fileRef = 056F22F2A574BFBDC6819A02 /* Pods_InboxSample.framework */; };
		CCADD5BE2498AA0C00B629E3 /* EmarsysInboxTableViewCell.swift in Sources */ = {isa = PBXBuildFile; fileRef = CCADD5BD2498AA0C00B629E3 /* EmarsysInboxTableViewCell.swift */; };
		CCADD5C22499F31C00B629E3 /* EmarsysInboxExtensions.swift in Sources */ = {isa = PBXBuildFile; fileRef = CCADD5C12499F31C00B629E3 /* EmarsysInboxExtensions.swift */; };
		CCADD5C4249A05B900B629E3 /* EmarsysInboxController.swift in Sources */ = {isa = PBXBuildFile; fileRef = CCADD5C3249A05B900B629E3 /* EmarsysInboxController.swift */; };
		CCADD5C8249B0CD400B629E3 /* EmarsysInbox.storyboard in Resources */ = {isa = PBXBuildFile; fileRef = CCADD5C7249B0CD400B629E3 /* EmarsysInbox.storyboard */; };
/* End PBXBuildFile section */

/* Begin PBXFileReference section */
		056F22F2A574BFBDC6819A02 /* Pods_InboxSample.framework */ = {isa = PBXFileReference; explicitFileType = wrapper.framework; includeInIndex = 0; path = Pods_InboxSample.framework; sourceTree = BUILT_PRODUCTS_DIR; };
		561E32972497D42C00FFBEAC /* InboxSample.app */ = {isa = PBXFileReference; explicitFileType = wrapper.application; includeInIndex = 0; path = InboxSample.app; sourceTree = BUILT_PRODUCTS_DIR; };
		561E329A2497D42C00FFBEAC /* AppDelegate.swift */ = {isa = PBXFileReference; lastKnownFileType = sourcecode.swift; path = AppDelegate.swift; sourceTree = "<group>"; };
		561E329E2497D42C00FFBEAC /* ViewController.swift */ = {isa = PBXFileReference; lastKnownFileType = sourcecode.swift; path = ViewController.swift; sourceTree = "<group>"; };
		561E32A12497D42C00FFBEAC /* Base */ = {isa = PBXFileReference; lastKnownFileType = file.storyboard; name = Base; path = Base.lproj/Main.storyboard; sourceTree = "<group>"; };
		561E32A32497D42E00FFBEAC /* Assets.xcassets */ = {isa = PBXFileReference; lastKnownFileType = folder.assetcatalog; path = Assets.xcassets; sourceTree = "<group>"; };
		561E32A62497D42E00FFBEAC /* Base */ = {isa = PBXFileReference; lastKnownFileType = file.storyboard; name = Base; path = Base.lproj/LaunchScreen.storyboard; sourceTree = "<group>"; };
		561E32A82497D42E00FFBEAC /* Info.plist */ = {isa = PBXFileReference; lastKnownFileType = text.plist.xml; path = Info.plist; sourceTree = "<group>"; };
		CCADD5BD2498AA0C00B629E3 /* EmarsysInboxTableViewCell.swift */ = {isa = PBXFileReference; lastKnownFileType = sourcecode.swift; path = EmarsysInboxTableViewCell.swift; sourceTree = "<group>"; };
		CCADD5C12499F31C00B629E3 /* EmarsysInboxExtensions.swift */ = {isa = PBXFileReference; lastKnownFileType = sourcecode.swift; path = EmarsysInboxExtensions.swift; sourceTree = "<group>"; };
		CCADD5C3249A05B900B629E3 /* EmarsysInboxController.swift */ = {isa = PBXFileReference; lastKnownFileType = sourcecode.swift; path = EmarsysInboxController.swift; sourceTree = "<group>"; };
		CCADD5C7249B0CD400B629E3 /* EmarsysInbox.storyboard */ = {isa = PBXFileReference; lastKnownFileType = file.storyboard; path = EmarsysInbox.storyboard; sourceTree = "<group>"; };
		E7BD024D22B5C08E3B5831F0 /* Pods-InboxSample.release.xcconfig */ = {isa = PBXFileReference; includeInIndex = 1; lastKnownFileType = text.xcconfig; name = "Pods-InboxSample.release.xcconfig"; path = "Target Support Files/Pods-InboxSample/Pods-InboxSample.release.xcconfig"; sourceTree = "<group>"; };
		EFF9BE548E33021C6DF52CE3 /* Pods-InboxSample.debug.xcconfig */ = {isa = PBXFileReference; includeInIndex = 1; lastKnownFileType = text.xcconfig; name = "Pods-InboxSample.debug.xcconfig"; path = "Target Support Files/Pods-InboxSample/Pods-InboxSample.debug.xcconfig"; sourceTree = "<group>"; };
/* End PBXFileReference section */

/* Begin PBXFrameworksBuildPhase section */
		561E32942497D42C00FFBEAC /* Frameworks */ = {
			isa = PBXFrameworksBuildPhase;
			buildActionMask = 2147483647;
			files = (
				5A23426AAA267BA0A5A0009A /* Pods_InboxSample.framework in Frameworks */,
			);
			runOnlyForDeploymentPostprocessing = 0;
		};
/* End PBXFrameworksBuildPhase section */

/* Begin PBXGroup section */
		5399A8254F46EDF2B0F4E89E /* Pods */ = {
			isa = PBXGroup;
			children = (
				EFF9BE548E33021C6DF52CE3 /* Pods-InboxSample.debug.xcconfig */,
				E7BD024D22B5C08E3B5831F0 /* Pods-InboxSample.release.xcconfig */,
			);
			path = Pods;
			sourceTree = "<group>";
		};
		561E328E2497D42C00FFBEAC = {
			isa = PBXGroup;
			children = (
				561E32992497D42C00FFBEAC /* InboxSample */,
				561E32982497D42C00FFBEAC /* Products */,
				5399A8254F46EDF2B0F4E89E /* Pods */,
				BDD2B9DC45E01DE111785F12 /* Frameworks */,
			);
			sourceTree = "<group>";
		};
		561E32982497D42C00FFBEAC /* Products */ = {
			isa = PBXGroup;
			children = (
				561E32972497D42C00FFBEAC /* InboxSample.app */,
			);
			name = Products;
			sourceTree = "<group>";
		};
		561E32992497D42C00FFBEAC /* InboxSample */ = {
			isa = PBXGroup;
			children = (
				561E329A2497D42C00FFBEAC /* AppDelegate.swift */,
				561E329E2497D42C00FFBEAC /* ViewController.swift */,
				561E32A02497D42C00FFBEAC /* Main.storyboard */,
				CCADD5C3249A05B900B629E3 /* EmarsysInboxController.swift */,
				CCADD5BD2498AA0C00B629E3 /* EmarsysInboxTableViewCell.swift */,
				CCADD5C7249B0CD400B629E3 /* EmarsysInbox.storyboard */,
				CCADD5C12499F31C00B629E3 /* EmarsysInboxExtensions.swift */,
				561E32A32497D42E00FFBEAC /* Assets.xcassets */,
				561E32A52497D42E00FFBEAC /* LaunchScreen.storyboard */,
				561E32A82497D42E00FFBEAC /* Info.plist */,
			);
			path = InboxSample;
			sourceTree = "<group>";
		};
		BDD2B9DC45E01DE111785F12 /* Frameworks */ = {
			isa = PBXGroup;
			children = (
				056F22F2A574BFBDC6819A02 /* Pods_InboxSample.framework */,
			);
			name = Frameworks;
			sourceTree = "<group>";
		};
/* End PBXGroup section */

/* Begin PBXNativeTarget section */
		561E32962497D42C00FFBEAC /* InboxSample */ = {
			isa = PBXNativeTarget;
			buildConfigurationList = 561E32AB2497D42E00FFBEAC /* Build configuration list for PBXNativeTarget "InboxSample" */;
			buildPhases = (
				F205410D9D6111B492C2D67E /* [CP] Check Pods Manifest.lock */,
				561E32932497D42C00FFBEAC /* Sources */,
				561E32942497D42C00FFBEAC /* Frameworks */,
				561E32952497D42C00FFBEAC /* Resources */,
				EC4B73E27A44F07B026A2D21 /* [CP] Embed Pods Frameworks */,
			);
			buildRules = (
			);
			dependencies = (
			);
			name = InboxSample;
			productName = InboxSample;
			productReference = 561E32972497D42C00FFBEAC /* InboxSample.app */;
			productType = "com.apple.product-type.application";
		};
/* End PBXNativeTarget section */

/* Begin PBXProject section */
		561E328F2497D42C00FFBEAC /* Project object */ = {
			isa = PBXProject;
			attributes = {
				LastSwiftUpdateCheck = 1140;
				LastUpgradeCheck = 1140;
				ORGANIZATIONNAME = Emarsys;
				TargetAttributes = {
					561E32962497D42C00FFBEAC = {
						CreatedOnToolsVersion = 11.4.1;
					};
				};
			};
			buildConfigurationList = 561E32922497D42C00FFBEAC /* Build configuration list for PBXProject "InboxSample" */;
			compatibilityVersion = "Xcode 9.3";
			developmentRegion = en;
			hasScannedForEncodings = 0;
			knownRegions = (
				en,
				Base,
			);
			mainGroup = 561E328E2497D42C00FFBEAC;
			productRefGroup = 561E32982497D42C00FFBEAC /* Products */;
			projectDirPath = "";
			projectRoot = "";
			targets = (
				561E32962497D42C00FFBEAC /* InboxSample */,
			);
		};
/* End PBXProject section */

/* Begin PBXResourcesBuildPhase section */
		561E32952497D42C00FFBEAC /* Resources */ = {
			isa = PBXResourcesBuildPhase;
			buildActionMask = 2147483647;
			files = (
				561E32A72497D42E00FFBEAC /* LaunchScreen.storyboard in Resources */,
				561E32A42497D42E00FFBEAC /* Assets.xcassets in Resources */,
				CCADD5C8249B0CD400B629E3 /* EmarsysInbox.storyboard in Resources */,
				561E32A22497D42C00FFBEAC /* Main.storyboard in Resources */,
			);
			runOnlyForDeploymentPostprocessing = 0;
		};
/* End PBXResourcesBuildPhase section */

/* Begin PBXShellScriptBuildPhase section */
		EC4B73E27A44F07B026A2D21 /* [CP] Embed Pods Frameworks */ = {
			isa = PBXShellScriptBuildPhase;
			buildActionMask = 2147483647;
			files = (
			);
			inputFileListPaths = (
				"${PODS_ROOT}/Target Support Files/Pods-InboxSample/Pods-InboxSample-frameworks-${CONFIGURATION}-input-files.xcfilelist",
			);
			name = "[CP] Embed Pods Frameworks";
			outputFileListPaths = (
				"${PODS_ROOT}/Target Support Files/Pods-InboxSample/Pods-InboxSample-frameworks-${CONFIGURATION}-output-files.xcfilelist",
			);
			runOnlyForDeploymentPostprocessing = 0;
			shellPath = /bin/sh;
			shellScript = "\"${PODS_ROOT}/Target Support Files/Pods-InboxSample/Pods-InboxSample-frameworks.sh\"\n";
			showEnvVarsInLog = 0;
		};
		F205410D9D6111B492C2D67E /* [CP] Check Pods Manifest.lock */ = {
			isa = PBXShellScriptBuildPhase;
			buildActionMask = 2147483647;
			files = (
			);
			inputFileListPaths = (
			);
			inputPaths = (
				"${PODS_PODFILE_DIR_PATH}/Podfile.lock",
				"${PODS_ROOT}/Manifest.lock",
			);
			name = "[CP] Check Pods Manifest.lock";
			outputFileListPaths = (
			);
			outputPaths = (
				"$(DERIVED_FILE_DIR)/Pods-InboxSample-checkManifestLockResult.txt",
			);
			runOnlyForDeploymentPostprocessing = 0;
			shellPath = /bin/sh;
			shellScript = "diff \"${PODS_PODFILE_DIR_PATH}/Podfile.lock\" \"${PODS_ROOT}/Manifest.lock\" > /dev/null\nif [ $? != 0 ] ; then\n    # print error to STDERR\n    echo \"error: The sandbox is not in sync with the Podfile.lock. Run 'pod install' or update your CocoaPods installation.\" >&2\n    exit 1\nfi\n# This output is used by Xcode 'outputs' to avoid re-running this script phase.\necho \"SUCCESS\" > \"${SCRIPT_OUTPUT_FILE_0}\"\n";
			showEnvVarsInLog = 0;
		};
/* End PBXShellScriptBuildPhase section */

/* Begin PBXSourcesBuildPhase section */
		561E32932497D42C00FFBEAC /* Sources */ = {
			isa = PBXSourcesBuildPhase;
			buildActionMask = 2147483647;
			files = (
				CCADD5C22499F31C00B629E3 /* EmarsysInboxExtensions.swift in Sources */,
				561E329F2497D42C00FFBEAC /* ViewController.swift in Sources */,
				CCADD5BE2498AA0C00B629E3 /* EmarsysInboxTableViewCell.swift in Sources */,
				561E329B2497D42C00FFBEAC /* AppDelegate.swift in Sources */,
				CCADD5C4249A05B900B629E3 /* EmarsysInboxController.swift in Sources */,
			);
			runOnlyForDeploymentPostprocessing = 0;
		};
/* End PBXSourcesBuildPhase section */

/* Begin PBXVariantGroup section */
		561E32A02497D42C00FFBEAC /* Main.storyboard */ = {
			isa = PBXVariantGroup;
			children = (
				561E32A12497D42C00FFBEAC /* Base */,
			);
			name = Main.storyboard;
			sourceTree = "<group>";
		};
		561E32A52497D42E00FFBEAC /* LaunchScreen.storyboard */ = {
			isa = PBXVariantGroup;
			children = (
				561E32A62497D42E00FFBEAC /* Base */,
			);
			name = LaunchScreen.storyboard;
			sourceTree = "<group>";
		};
/* End PBXVariantGroup section */

/* Begin XCBuildConfiguration section */
		561E32A92497D42E00FFBEAC /* Debug */ = {
			isa = XCBuildConfiguration;
			buildSettings = {
				ALWAYS_SEARCH_USER_PATHS = NO;
				CLANG_ANALYZER_NONNULL = YES;
				CLANG_ANALYZER_NUMBER_OBJECT_CONVERSION = YES_AGGRESSIVE;
				CLANG_CXX_LANGUAGE_STANDARD = "gnu++14";
				CLANG_CXX_LIBRARY = "libc++";
				CLANG_ENABLE_MODULES = YES;
				CLANG_ENABLE_OBJC_ARC = YES;
				CLANG_ENABLE_OBJC_WEAK = YES;
				CLANG_WARN_BLOCK_CAPTURE_AUTORELEASING = YES;
				CLANG_WARN_BOOL_CONVERSION = YES;
				CLANG_WARN_COMMA = YES;
				CLANG_WARN_CONSTANT_CONVERSION = YES;
				CLANG_WARN_DEPRECATED_OBJC_IMPLEMENTATIONS = YES;
				CLANG_WARN_DIRECT_OBJC_ISA_USAGE = YES_ERROR;
				CLANG_WARN_DOCUMENTATION_COMMENTS = YES;
				CLANG_WARN_EMPTY_BODY = YES;
				CLANG_WARN_ENUM_CONVERSION = YES;
				CLANG_WARN_INFINITE_RECURSION = YES;
				CLANG_WARN_INT_CONVERSION = YES;
				CLANG_WARN_NON_LITERAL_NULL_CONVERSION = YES;
				CLANG_WARN_OBJC_IMPLICIT_RETAIN_SELF = YES;
				CLANG_WARN_OBJC_LITERAL_CONVERSION = YES;
				CLANG_WARN_OBJC_ROOT_CLASS = YES_ERROR;
				CLANG_WARN_RANGE_LOOP_ANALYSIS = YES;
				CLANG_WARN_STRICT_PROTOTYPES = YES;
				CLANG_WARN_SUSPICIOUS_MOVE = YES;
				CLANG_WARN_UNGUARDED_AVAILABILITY = YES_AGGRESSIVE;
				CLANG_WARN_UNREACHABLE_CODE = YES;
				CLANG_WARN__DUPLICATE_METHOD_MATCH = YES;
				COPY_PHASE_STRIP = NO;
				DEBUG_INFORMATION_FORMAT = dwarf;
				ENABLE_STRICT_OBJC_MSGSEND = YES;
				ENABLE_TESTABILITY = YES;
				GCC_C_LANGUAGE_STANDARD = gnu11;
				GCC_DYNAMIC_NO_PIC = NO;
				GCC_NO_COMMON_BLOCKS = YES;
				GCC_OPTIMIZATION_LEVEL = 0;
				GCC_PREPROCESSOR_DEFINITIONS = (
					"DEBUG=1",
					"$(inherited)",
				);
				GCC_WARN_64_TO_32_BIT_CONVERSION = YES;
				GCC_WARN_ABOUT_RETURN_TYPE = YES_ERROR;
				GCC_WARN_UNDECLARED_SELECTOR = YES;
				GCC_WARN_UNINITIALIZED_AUTOS = YES_AGGRESSIVE;
				GCC_WARN_UNUSED_FUNCTION = YES;
				GCC_WARN_UNUSED_VARIABLE = YES;
				IPHONEOS_DEPLOYMENT_TARGET = 11.0;
				MTL_ENABLE_DEBUG_INFO = INCLUDE_SOURCE;
				MTL_FAST_MATH = YES;
				ONLY_ACTIVE_ARCH = YES;
				SDKROOT = iphoneos;
				SWIFT_ACTIVE_COMPILATION_CONDITIONS = DEBUG;
				SWIFT_OPTIMIZATION_LEVEL = "-Onone";
			};
			name = Debug;
		};
		561E32AA2497D42E00FFBEAC /* Release */ = {
			isa = XCBuildConfiguration;
			buildSettings = {
				ALWAYS_SEARCH_USER_PATHS = NO;
				CLANG_ANALYZER_NONNULL = YES;
				CLANG_ANALYZER_NUMBER_OBJECT_CONVERSION = YES_AGGRESSIVE;
				CLANG_CXX_LANGUAGE_STANDARD = "gnu++14";
				CLANG_CXX_LIBRARY = "libc++";
				CLANG_ENABLE_MODULES = YES;
				CLANG_ENABLE_OBJC_ARC = YES;
				CLANG_ENABLE_OBJC_WEAK = YES;
				CLANG_WARN_BLOCK_CAPTURE_AUTORELEASING = YES;
				CLANG_WARN_BOOL_CONVERSION = YES;
				CLANG_WARN_COMMA = YES;
				CLANG_WARN_CONSTANT_CONVERSION = YES;
				CLANG_WARN_DEPRECATED_OBJC_IMPLEMENTATIONS = YES;
				CLANG_WARN_DIRECT_OBJC_ISA_USAGE = YES_ERROR;
				CLANG_WARN_DOCUMENTATION_COMMENTS = YES;
				CLANG_WARN_EMPTY_BODY = YES;
				CLANG_WARN_ENUM_CONVERSION = YES;
				CLANG_WARN_INFINITE_RECURSION = YES;
				CLANG_WARN_INT_CONVERSION = YES;
				CLANG_WARN_NON_LITERAL_NULL_CONVERSION = YES;
				CLANG_WARN_OBJC_IMPLICIT_RETAIN_SELF = YES;
				CLANG_WARN_OBJC_LITERAL_CONVERSION = YES;
				CLANG_WARN_OBJC_ROOT_CLASS = YES_ERROR;
				CLANG_WARN_RANGE_LOOP_ANALYSIS = YES;
				CLANG_WARN_STRICT_PROTOTYPES = YES;
				CLANG_WARN_SUSPICIOUS_MOVE = YES;
				CLANG_WARN_UNGUARDED_AVAILABILITY = YES_AGGRESSIVE;
				CLANG_WARN_UNREACHABLE_CODE = YES;
				CLANG_WARN__DUPLICATE_METHOD_MATCH = YES;
				COPY_PHASE_STRIP = NO;
				DEBUG_INFORMATION_FORMAT = "dwarf-with-dsym";
				ENABLE_NS_ASSERTIONS = NO;
				ENABLE_STRICT_OBJC_MSGSEND = YES;
				GCC_C_LANGUAGE_STANDARD = gnu11;
				GCC_NO_COMMON_BLOCKS = YES;
				GCC_WARN_64_TO_32_BIT_CONVERSION = YES;
				GCC_WARN_ABOUT_RETURN_TYPE = YES_ERROR;
				GCC_WARN_UNDECLARED_SELECTOR = YES;
				GCC_WARN_UNINITIALIZED_AUTOS = YES_AGGRESSIVE;
				GCC_WARN_UNUSED_FUNCTION = YES;
				GCC_WARN_UNUSED_VARIABLE = YES;
				IPHONEOS_DEPLOYMENT_TARGET = 11.0;
				MTL_ENABLE_DEBUG_INFO = NO;
				MTL_FAST_MATH = YES;
				SDKROOT = iphoneos;
				SWIFT_COMPILATION_MODE = wholemodule;
				SWIFT_OPTIMIZATION_LEVEL = "-O";
				VALIDATE_PRODUCT = YES;
			};
			name = Release;
		};
		561E32AC2497D42E00FFBEAC /* Debug */ = {
			isa = XCBuildConfiguration;
			baseConfigurationReference = EFF9BE548E33021C6DF52CE3 /* Pods-InboxSample.debug.xcconfig */;
			buildSettings = {
				ASSETCATALOG_COMPILER_APPICON_NAME = AppIcon;
				CODE_SIGN_STYLE = Automatic;
				DEVELOPMENT_TEAM = 424XYUJV68;
				INFOPLIST_FILE = InboxSample/Info.plist;
				LD_RUNPATH_SEARCH_PATHS = (
					"$(inherited)",
					"@executable_path/Frameworks",
				);
				PRODUCT_BUNDLE_IDENTIFIER = com.ems.InboxSample;
				PRODUCT_NAME = "$(TARGET_NAME)";
				SWIFT_VERSION = 5.0;
				TARGETED_DEVICE_FAMILY = "1,2";
			};
			name = Debug;
		};
		561E32AD2497D42E00FFBEAC /* Release */ = {
			isa = XCBuildConfiguration;
			baseConfigurationReference = E7BD024D22B5C08E3B5831F0 /* Pods-InboxSample.release.xcconfig */;
			buildSettings = {
				ASSETCATALOG_COMPILER_APPICON_NAME = AppIcon;
				CODE_SIGN_STYLE = Automatic;
				DEVELOPMENT_TEAM = 424XYUJV68;
				INFOPLIST_FILE = InboxSample/Info.plist;
				LD_RUNPATH_SEARCH_PATHS = (
					"$(inherited)",
					"@executable_path/Frameworks",
				);
				PRODUCT_BUNDLE_IDENTIFIER = com.ems.InboxSample;
				PRODUCT_NAME = "$(TARGET_NAME)";
				SWIFT_VERSION = 5.0;
				TARGETED_DEVICE_FAMILY = "1,2";
			};
			name = Release;
		};
/* End XCBuildConfiguration section */

/* Begin XCConfigurationList section */
		561E32922497D42C00FFBEAC /* Build configuration list for PBXProject "InboxSample" */ = {
			isa = XCConfigurationList;
			buildConfigurations = (
				561E32A92497D42E00FFBEAC /* Debug */,
				561E32AA2497D42E00FFBEAC /* Release */,
			);
			defaultConfigurationIsVisible = 0;
			defaultConfigurationName = Release;
		};
		561E32AB2497D42E00FFBEAC /* Build configuration list for PBXNativeTarget "InboxSample" */ = {
			isa = XCConfigurationList;
			buildConfigurations = (
				561E32AC2497D42E00FFBEAC /* Debug */,
				561E32AD2497D42E00FFBEAC /* Release */,
			);
			defaultConfigurationIsVisible = 0;
			defaultConfigurationName = Release;
		};
/* End XCConfigurationList section */
	};
	rootObject = 561E328F2497D42C00FFBEAC /* Project object */;
}
